// !$*UTF8*$!
{
	archiveVersion = 1;
	classes = {
	};
	objectVersion = 46;
	objects = {

/* Begin PBXBuildFile section */
		6504C4B3230480E200267DB7 /* Extension.swift in Sources */ = {isa = PBXBuildFile; fileRef = 6504C4B2230480E100267DB7 /* Extension.swift */; };
		6504C4B5230501F000267DB7 /* Entry.swift in Sources */ = {isa = PBXBuildFile; fileRef = 6504C4B4230501EF00267DB7 /* Entry.swift */; };
		651CA0841CDB351C005CDEDC /* Codigo Prueba.swift in Sources */ = {isa = PBXBuildFile; fileRef = 651CA0831CDB351C005CDEDC /* Codigo Prueba.swift */; };
		653FCA052305F83E00802C5A /* FileManager.swift in Sources */ = {isa = PBXBuildFile; fileRef = 653FCA042305F83E00802C5A /* FileManager.swift */; };
		65544A34230510BC00750E7C /* MainViewController.swift in Sources */ = {isa = PBXBuildFile; fileRef = 65544A33230510BC00750E7C /* MainViewController.swift */; };
		65E44B121CD8DEA600358DC7 /* AppDelegate.swift in Sources */ = {isa = PBXBuildFile; fileRef = 65E44B111CD8DEA600358DC7 /* AppDelegate.swift */; };
		65E44B161CD8DEA600358DC7 /* GNGViewController.swift in Sources */ = {isa = PBXBuildFile; fileRef = 65E44B151CD8DEA600358DC7 /* GNGViewController.swift */; };
		65E44B1B1CD8DEA600358DC7 /* Assets.xcassets in Resources */ = {isa = PBXBuildFile; fileRef = 65E44B1A1CD8DEA600358DC7 /* Assets.xcassets */; };
		65E44B1E1CD8DEA600358DC7 /* LaunchScreen.storyboard in Resources */ = {isa = PBXBuildFile; fileRef = 65E44B1C1CD8DEA600358DC7 /* LaunchScreen.storyboard */; };
		65E44B291CD8DF1B00358DC7 /* GNGNode.swift in Sources */ = {isa = PBXBuildFile; fileRef = 65E44B281CD8DF1B00358DC7 /* GNGNode.swift */; };
		65E44B2B1CD8DF2200358DC7 /* GNGEdge.swift in Sources */ = {isa = PBXBuildFile; fileRef = 65E44B2A1CD8DF2200358DC7 /* GNGEdge.swift */; };
		65E44B2D1CD8DF2D00358DC7 /* Point.swift in Sources */ = {isa = PBXBuildFile; fileRef = 65E44B2C1CD8DF2D00358DC7 /* Point.swift */; };
		65E44B2F1CD8E44100358DC7 /* Graph.swift in Sources */ = {isa = PBXBuildFile; fileRef = 65E44B2E1CD8E44100358DC7 /* Graph.swift */; };
		65E44B311CD8E4F600358DC7 /* GNG.swift in Sources */ = {isa = PBXBuildFile; fileRef = 65E44B301CD8E4F600358DC7 /* GNG.swift */; };
		65E44B331CD8F93700358DC7 /* Generator.swift in Sources */ = {isa = PBXBuildFile; fileRef = 65E44B321CD8F93700358DC7 /* Generator.swift */; };
		65E44B351CD922B200358DC7 /* Parameters.swift in Sources */ = {isa = PBXBuildFile; fileRef = 65E44B341CD922B200358DC7 /* Parameters.swift */; };
		65E44B371CD94C2300358DC7 /* spiral.txt in Resources */ = {isa = PBXBuildFile; fileRef = 65E44B361CD94C2300358DC7 /* spiral.txt */; };
		65E44B391CD94D1D00358DC7 /* Data.swift in Sources */ = {isa = PBXBuildFile; fileRef = 65E44B381CD94D1D00358DC7 /* Data.swift */; };
/* End PBXBuildFile section */

/* Begin PBXFileReference section */
		6504C4B2230480E100267DB7 /* Extension.swift */ = {isa = PBXFileReference; lastKnownFileType = sourcecode.swift; path = Extension.swift; sourceTree = "<group>"; };
		6504C4B4230501EF00267DB7 /* Entry.swift */ = {isa = PBXFileReference; fileEncoding = 4; lastKnownFileType = sourcecode.swift; path = Entry.swift; sourceTree = "<group>"; };
		651CA0831CDB351C005CDEDC /* Codigo Prueba.swift */ = {isa = PBXFileReference; fileEncoding = 4; lastKnownFileType = sourcecode.swift; path = "Codigo Prueba.swift"; sourceTree = "<group>"; };
		653FCA042305F83E00802C5A /* FileManager.swift */ = {isa = PBXFileReference; lastKnownFileType = sourcecode.swift; path = FileManager.swift; sourceTree = "<group>"; };
		65544A33230510BC00750E7C /* MainViewController.swift */ = {isa = PBXFileReference; lastKnownFileType = sourcecode.swift; path = MainViewController.swift; sourceTree = "<group>"; };
		65E44B0E1CD8DEA600358DC7 /* GNG.app */ = {isa = PBXFileReference; explicitFileType = wrapper.application; includeInIndex = 0; path = GNG.app; sourceTree = BUILT_PRODUCTS_DIR; };
		65E44B111CD8DEA600358DC7 /* AppDelegate.swift */ = {isa = PBXFileReference; lastKnownFileType = sourcecode.swift; path = AppDelegate.swift; sourceTree = "<group>"; };
		65E44B151CD8DEA600358DC7 /* GNGViewController.swift */ = {isa = PBXFileReference; lastKnownFileType = sourcecode.swift; path = GNGViewController.swift; sourceTree = "<group>"; };
		65E44B1A1CD8DEA600358DC7 /* Assets.xcassets */ = {isa = PBXFileReference; lastKnownFileType = folder.assetcatalog; path = Assets.xcassets; sourceTree = "<group>"; };
		65E44B1D1CD8DEA600358DC7 /* Base */ = {isa = PBXFileReference; lastKnownFileType = file.storyboard; name = Base; path = Base.lproj/LaunchScreen.storyboard; sourceTree = "<group>"; };
		65E44B1F1CD8DEA600358DC7 /* Info.plist */ = {isa = PBXFileReference; lastKnownFileType = text.plist.xml; path = Info.plist; sourceTree = "<group>"; };
		65E44B281CD8DF1B00358DC7 /* GNGNode.swift */ = {isa = PBXFileReference; fileEncoding = 4; lastKnownFileType = sourcecode.swift; path = GNGNode.swift; sourceTree = "<group>"; };
		65E44B2A1CD8DF2200358DC7 /* GNGEdge.swift */ = {isa = PBXFileReference; fileEncoding = 4; lastKnownFileType = sourcecode.swift; path = GNGEdge.swift; sourceTree = "<group>"; };
		65E44B2C1CD8DF2D00358DC7 /* Point.swift */ = {isa = PBXFileReference; fileEncoding = 4; lastKnownFileType = sourcecode.swift; path = Point.swift; sourceTree = "<group>"; };
		65E44B2E1CD8E44100358DC7 /* Graph.swift */ = {isa = PBXFileReference; fileEncoding = 4; lastKnownFileType = sourcecode.swift; path = Graph.swift; sourceTree = "<group>"; };
		65E44B301CD8E4F600358DC7 /* GNG.swift */ = {isa = PBXFileReference; fileEncoding = 4; lastKnownFileType = sourcecode.swift; path = GNG.swift; sourceTree = "<group>"; };
		65E44B321CD8F93700358DC7 /* Generator.swift */ = {isa = PBXFileReference; fileEncoding = 4; lastKnownFileType = sourcecode.swift; path = Generator.swift; sourceTree = "<group>"; };
		65E44B341CD922B200358DC7 /* Parameters.swift */ = {isa = PBXFileReference; fileEncoding = 4; lastKnownFileType = sourcecode.swift; path = Parameters.swift; sourceTree = "<group>"; };
		65E44B361CD94C2300358DC7 /* spiral.txt */ = {isa = PBXFileReference; fileEncoding = 4; lastKnownFileType = text; path = spiral.txt; sourceTree = "<group>"; };
		65E44B381CD94D1D00358DC7 /* Data.swift */ = {isa = PBXFileReference; fileEncoding = 4; lastKnownFileType = sourcecode.swift; path = Data.swift; sourceTree = "<group>"; };
/* End PBXFileReference section */

/* Begin PBXFrameworksBuildPhase section */
		65E44B0B1CD8DEA600358DC7 /* Frameworks */ = {
			isa = PBXFrameworksBuildPhase;
			buildActionMask = 2147483647;
			files = (
			);
			runOnlyForDeploymentPostprocessing = 0;
		};
/* End PBXFrameworksBuildPhase section */

/* Begin PBXGroup section */
		653FCA032305F68100802C5A /* ViewController */ = {
			isa = PBXGroup;
			children = (
				65E44B151CD8DEA600358DC7 /* GNGViewController.swift */,
				65544A33230510BC00750E7C /* MainViewController.swift */,
			);
			path = ViewController;
			sourceTree = "<group>";
		};
		65E44B051CD8DEA600358DC7 = {
			isa = PBXGroup;
			children = (
				65E44B101CD8DEA600358DC7 /* GNG */,
				65E44B0F1CD8DEA600358DC7 /* Products */,
			);
			sourceTree = "<group>";
		};
		65E44B0F1CD8DEA600358DC7 /* Products */ = {
			isa = PBXGroup;
			children = (
				65E44B0E1CD8DEA600358DC7 /* GNG.app */,
			);
			name = Products;
			sourceTree = "<group>";
		};
		65E44B101CD8DEA600358DC7 /* GNG */ = {
			isa = PBXGroup;
			children = (
				653FCA032305F68100802C5A /* ViewController */,
				651CA0831CDB351C005CDEDC /* Codigo Prueba.swift */,
				65E44B381CD94D1D00358DC7 /* Data.swift */,
				6504C4B4230501EF00267DB7 /* Entry.swift */,
				6504C4B2230480E100267DB7 /* Extension.swift */,
				65E44B321CD8F93700358DC7 /* Generator.swift */,
				65E44B301CD8E4F600358DC7 /* GNG.swift */,
				65E44B2A1CD8DF2200358DC7 /* GNGEdge.swift */,
				65E44B281CD8DF1B00358DC7 /* GNGNode.swift */,
				65E44B2E1CD8E44100358DC7 /* Graph.swift */,
				65E44B341CD922B200358DC7 /* Parameters.swift */,
				65E44B2C1CD8DF2D00358DC7 /* Point.swift */,
				65E44B361CD94C2300358DC7 /* spiral.txt */,
				65E44B251CD8DEE300358DC7 /* Cosas que no uso */,
				653FCA042305F83E00802C5A /* FileManager.swift */,
			);
			path = GNG;
			sourceTree = "<group>";
		};
		65E44B251CD8DEE300358DC7 /* Cosas que no uso */ = {
			isa = PBXGroup;
			children = (
				65E44B1A1CD8DEA600358DC7 /* Assets.xcassets */,
				65E44B1C1CD8DEA600358DC7 /* LaunchScreen.storyboard */,
				65E44B1F1CD8DEA600358DC7 /* Info.plist */,
				65E44B111CD8DEA600358DC7 /* AppDelegate.swift */,
			);
			name = "Cosas que no uso";
			sourceTree = "<group>";
		};
/* End PBXGroup section */

/* Begin PBXNativeTarget section */
		65E44B0D1CD8DEA600358DC7 /* GNG */ = {
			isa = PBXNativeTarget;
			buildConfigurationList = 65E44B221CD8DEA600358DC7 /* Build configuration list for PBXNativeTarget "GNG" */;
			buildPhases = (
				65E44B0A1CD8DEA600358DC7 /* Sources */,
				65E44B0B1CD8DEA600358DC7 /* Frameworks */,
				65E44B0C1CD8DEA600358DC7 /* Resources */,
			);
			buildRules = (
			);
			dependencies = (
			);
			name = GNG;
			productName = GNG;
			productReference = 65E44B0E1CD8DEA600358DC7 /* GNG.app */;
			productType = "com.apple.product-type.application";
		};
/* End PBXNativeTarget section */

/* Begin PBXProject section */
		65E44B061CD8DEA600358DC7 /* Project object */ = {
			isa = PBXProject;
			attributes = {
				LastSwiftUpdateCheck = 0720;
				LastUpgradeCheck = 1020;
				ORGANIZATIONNAME = "Andre Valdivia";
				TargetAttributes = {
					65E44B0D1CD8DEA600358DC7 = {
						CreatedOnToolsVersion = 7.2;
						DevelopmentTeam = 2NGYCVMVPP;
					};
				};
			};
			buildConfigurationList = 65E44B091CD8DEA600358DC7 /* Build configuration list for PBXProject "GNG" */;
			compatibilityVersion = "Xcode 3.2";
			developmentRegion = en;
			hasScannedForEncodings = 0;
			knownRegions = (
				en,
				Base,
			);
			mainGroup = 65E44B051CD8DEA600358DC7;
			productRefGroup = 65E44B0F1CD8DEA600358DC7 /* Products */;
			projectDirPath = "";
			projectRoot = "";
			targets = (
				65E44B0D1CD8DEA600358DC7 /* GNG */,
			);
		};
/* End PBXProject section */

/* Begin PBXResourcesBuildPhase section */
		65E44B0C1CD8DEA600358DC7 /* Resources */ = {
			isa = PBXResourcesBuildPhase;
			buildActionMask = 2147483647;
			files = (
				65E44B1E1CD8DEA600358DC7 /* LaunchScreen.storyboard in Resources */,
				65E44B1B1CD8DEA600358DC7 /* Assets.xcassets in Resources */,
				65E44B371CD94C2300358DC7 /* spiral.txt in Resources */,
			);
			runOnlyForDeploymentPostprocessing = 0;
		};
/* End PBXResourcesBuildPhase section */

/* Begin PBXSourcesBuildPhase section */
		65E44B0A1CD8DEA600358DC7 /* Sources */ = {
			isa = PBXSourcesBuildPhase;
			buildActionMask = 2147483647;
			files = (
				653FCA052305F83E00802C5A /* FileManager.swift in Sources */,
				65E44B311CD8E4F600358DC7 /* GNG.swift in Sources */,
				651CA0841CDB351C005CDEDC /* Codigo Prueba.swift in Sources */,
				6504C4B5230501F000267DB7 /* Entry.swift in Sources */,
				65E44B161CD8DEA600358DC7 /* GNGViewController.swift in Sources */,
				65E44B2F1CD8E44100358DC7 /* Graph.swift in Sources */,
				65544A34230510BC00750E7C /* MainViewController.swift in Sources */,
				65E44B391CD94D1D00358DC7 /* Data.swift in Sources */,
				65E44B2D1CD8DF2D00358DC7 /* Point.swift in Sources */,
				65E44B351CD922B200358DC7 /* Parameters.swift in Sources */,
				65E44B2B1CD8DF2200358DC7 /* GNGEdge.swift in Sources */,
				6504C4B3230480E200267DB7 /* Extension.swift in Sources */,
				65E44B331CD8F93700358DC7 /* Generator.swift in Sources */,
				65E44B291CD8DF1B00358DC7 /* GNGNode.swift in Sources */,
				65E44B121CD8DEA600358DC7 /* AppDelegate.swift in Sources */,
			);
			runOnlyForDeploymentPostprocessing = 0;
		};
/* End PBXSourcesBuildPhase section */

/* Begin PBXVariantGroup section */
		65E44B1C1CD8DEA600358DC7 /* LaunchScreen.storyboard */ = {
			isa = PBXVariantGroup;
			children = (
				65E44B1D1CD8DEA600358DC7 /* Base */,
			);
			name = LaunchScreen.storyboard;
			sourceTree = "<group>";
		};
/* End PBXVariantGroup section */

/* Begin XCBuildConfiguration section */
		65E44B201CD8DEA600358DC7 /* Debug */ = {
			isa = XCBuildConfiguration;
			buildSettings = {
				ALWAYS_SEARCH_USER_PATHS = NO;
				CLANG_ANALYZER_LOCALIZABILITY_NONLOCALIZED = YES;
				CLANG_CXX_LANGUAGE_STANDARD = "gnu++0x";
				CLANG_CXX_LIBRARY = "libc++";
				CLANG_ENABLE_MODULES = YES;
				CLANG_ENABLE_OBJC_ARC = YES;
				CLANG_WARN_BLOCK_CAPTURE_AUTORELEASING = YES;
				CLANG_WARN_BOOL_CONVERSION = YES;
				CLANG_WARN_COMMA = YES;
				CLANG_WARN_CONSTANT_CONVERSION = YES;
				CLANG_WARN_DEPRECATED_OBJC_IMPLEMENTATIONS = YES;
				CLANG_WARN_DIRECT_OBJC_ISA_USAGE = YES_ERROR;
				CLANG_WARN_EMPTY_BODY = YES;
				CLANG_WARN_ENUM_CONVERSION = YES;
				CLANG_WARN_INFINITE_RECURSION = YES;
				CLANG_WARN_INT_CONVERSION = YES;
				CLANG_WARN_NON_LITERAL_NULL_CONVERSION = YES;
				CLANG_WARN_OBJC_IMPLICIT_RETAIN_SELF = YES;
				CLANG_WARN_OBJC_LITERAL_CONVERSION = YES;
				CLANG_WARN_OBJC_ROOT_CLASS = YES_ERROR;
				CLANG_WARN_RANGE_LOOP_ANALYSIS = YES;
				CLANG_WARN_STRICT_PROTOTYPES = YES;
				CLANG_WARN_SUSPICIOUS_MOVE = YES;
				CLANG_WARN_UNREACHABLE_CODE = YES;
				CLANG_WARN__DUPLICATE_METHOD_MATCH = YES;
				"CODE_SIGN_IDENTITY[sdk=iphoneos*]" = "iPhone Developer";
				COPY_PHASE_STRIP = NO;
				DEBUG_INFORMATION_FORMAT = "dwarf-with-dsym";
				ENABLE_STRICT_OBJC_MSGSEND = YES;
				ENABLE_TESTABILITY = YES;
				GCC_C_LANGUAGE_STANDARD = gnu99;
				GCC_DYNAMIC_NO_PIC = NO;
				GCC_NO_COMMON_BLOCKS = YES;
				GCC_OPTIMIZATION_LEVEL = 0;
				GCC_PREPROCESSOR_DEFINITIONS = (
					"DEBUG=1",
					"$(inherited)",
				);
				GCC_WARN_64_TO_32_BIT_CONVERSION = YES;
				GCC_WARN_ABOUT_RETURN_TYPE = YES_ERROR;
				GCC_WARN_UNDECLARED_SELECTOR = YES;
				GCC_WARN_UNINITIALIZED_AUTOS = YES_AGGRESSIVE;
				GCC_WARN_UNUSED_FUNCTION = YES;
				GCC_WARN_UNUSED_VARIABLE = YES;
				IPHONEOS_DEPLOYMENT_TARGET = 11.0;
				MTL_ENABLE_DEBUG_INFO = YES;
				ONLY_ACTIVE_ARCH = YES;
				SDKROOT = iphoneos;
				SWIFT_OPTIMIZATION_LEVEL = "-Onone";
				SWIFT_VERSION = 5.0;
				TARGETED_DEVICE_FAMILY = "1,2";
			};
			name = Debug;
		};
		65E44B211CD8DEA600358DC7 /* Release */ = {
			isa = XCBuildConfiguration;
			buildSettings = {
				ALWAYS_SEARCH_USER_PATHS = NO;
				CLANG_ANALYZER_LOCALIZABILITY_NONLOCALIZED = YES;
				CLANG_CXX_LANGUAGE_STANDARD = "gnu++0x";
				CLANG_CXX_LIBRARY = "libc++";
				CLANG_ENABLE_MODULES = YES;
				CLANG_ENABLE_OBJC_ARC = YES;
				CLANG_WARN_BLOCK_CAPTURE_AUTORELEASING = YES;
				CLANG_WARN_BOOL_CONVERSION = YES;
				CLANG_WARN_COMMA = YES;
				CLANG_WARN_CONSTANT_CONVERSION = YES;
				CLANG_WARN_DEPRECATED_OBJC_IMPLEMENTATIONS = YES;
				CLANG_WARN_DIRECT_OBJC_ISA_USAGE = YES_ERROR;
				CLANG_WARN_EMPTY_BODY = YES;
				CLANG_WARN_ENUM_CONVERSION = YES;
				CLANG_WARN_INFINITE_RECURSION = YES;
				CLANG_WARN_INT_CONVERSION = YES;
				CLANG_WARN_NON_LITERAL_NULL_CONVERSION = YES;
				CLANG_WARN_OBJC_IMPLICIT_RETAIN_SELF = YES;
				CLANG_WARN_OBJC_LITERAL_CONVERSION = YES;
				CLANG_WARN_OBJC_ROOT_CLASS = YES_ERROR;
				CLANG_WARN_RANGE_LOOP_ANALYSIS = YES;
				CLANG_WARN_STRICT_PROTOTYPES = YES;
				CLANG_WARN_SUSPICIOUS_MOVE = YES;
				CLANG_WARN_UNREACHABLE_CODE = YES;
				CLANG_WARN__DUPLICATE_METHOD_MATCH = YES;
				"CODE_SIGN_IDENTITY[sdk=iphoneos*]" = "iPhone Developer";
				COPY_PHASE_STRIP = NO;
				DEBUG_INFORMATION_FORMAT = "dwarf-with-dsym";
				ENABLE_NS_ASSERTIONS = NO;
				ENABLE_STRICT_OBJC_MSGSEND = YES;
				GCC_C_LANGUAGE_STANDARD = gnu99;
				GCC_NO_COMMON_BLOCKS = YES;
				GCC_WARN_64_TO_32_BIT_CONVERSION = YES;
				GCC_WARN_ABOUT_RETURN_TYPE = YES_ERROR;
				GCC_WARN_UNDECLARED_SELECTOR = YES;
				GCC_WARN_UNINITIALIZED_AUTOS = YES_AGGRESSIVE;
				GCC_WARN_UNUSED_FUNCTION = YES;
				GCC_WARN_UNUSED_VARIABLE = YES;
				IPHONEOS_DEPLOYMENT_TARGET = 11.0;
				MTL_ENABLE_DEBUG_INFO = NO;
				SDKROOT = iphoneos;
				SWIFT_COMPILATION_MODE = wholemodule;
				SWIFT_VERSION = 5.0;
				TARGETED_DEVICE_FAMILY = "1,2";
				VALIDATE_PRODUCT = YES;
			};
			name = Release;
		};
		65E44B231CD8DEA600358DC7 /* Debug */ = {
			isa = XCBuildConfiguration;
			buildSettings = {
				ASSETCATALOG_COMPILER_APPICON_NAME = AppIcon;
				DEVELOPMENT_TEAM = 2NGYCVMVPP;
				INFOPLIST_FILE = GNG/Info.plist;
				IPHONEOS_DEPLOYMENT_TARGET = 11.0;
				LD_RUNPATH_SEARCH_PATHS = "$(inherited) @executable_path/Frameworks";
				PRODUCT_BUNDLE_IDENTIFIER = andremvb.GNG;
				PRODUCT_NAME = "$(TARGET_NAME)";
			};
			name = Debug;
		};
		65E44B241CD8DEA600358DC7 /* Release */ = {
			isa = XCBuildConfiguration;
			buildSettings = {
				ASSETCATALOG_COMPILER_APPICON_NAME = AppIcon;
				DEVELOPMENT_TEAM = 2NGYCVMVPP;
				INFOPLIST_FILE = GNG/Info.plist;
				IPHONEOS_DEPLOYMENT_TARGET = 11.0;
				LD_RUNPATH_SEARCH_PATHS = "$(inherited) @executable_path/Frameworks";
				PRODUCT_BUNDLE_IDENTIFIER = andremvb.GNG;
				PRODUCT_NAME = "$(TARGET_NAME)";
			};
			name = Release;
		};
/* End XCBuildConfiguration section */

/* Begin XCConfigurationList section */
		65E44B091CD8DEA600358DC7 /* Build configuration list for PBXProject "GNG" */ = {
			isa = XCConfigurationList;
			buildConfigurations = (
				65E44B201CD8DEA600358DC7 /* Debug */,
				65E44B211CD8DEA600358DC7 /* Release */,
			);
			defaultConfigurationIsVisible = 0;
			defaultConfigurationName = Release;
		};
		65E44B221CD8DEA600358DC7 /* Build configuration list for PBXNativeTarget "GNG" */ = {
			isa = XCConfigurationList;
			buildConfigurations = (
				65E44B231CD8DEA600358DC7 /* Debug */,
				65E44B241CD8DEA600358DC7 /* Release */,
			);
			defaultConfigurationIsVisible = 0;
			defaultConfigurationName = Release;
		};
/* End XCConfigurationList section */
	};
	rootObject = 65E44B061CD8DEA600358DC7 /* Project object */;
}
